// !$*UTF8*$!
{
	archiveVersion = 1;
	classes = {
	};
	objectVersion = 50;
	objects = {

/* Begin PBXBuildFile section */
		FF688860236DA66500AB1298 /* AppDelegate.swift in Sources */ = {isa = PBXBuildFile; fileRef = FF68885F236DA66500AB1298 /* AppDelegate.swift */; };
		FF688862236DA66500AB1298 /* SceneDelegate.swift in Sources */ = {isa = PBXBuildFile; fileRef = FF688861236DA66500AB1298 /* SceneDelegate.swift */; };
		FF688864236DA66500AB1298 /* ViewController.swift in Sources */ = {isa = PBXBuildFile; fileRef = FF688863236DA66500AB1298 /* ViewController.swift */; };
		FF688867236DA66500AB1298 /* Main.storyboard in Resources */ = {isa = PBXBuildFile; fileRef = FF688865236DA66500AB1298 /* Main.storyboard */; };
		FF688869236DA66600AB1298 /* Assets.xcassets in Resources */ = {isa = PBXBuildFile; fileRef = FF688868236DA66600AB1298 /* Assets.xcassets */; };
		FF68886C236DA66600AB1298 /* LaunchScreen.storyboard in Resources */ = {isa = PBXBuildFile; fileRef = FF68886A236DA66600AB1298 /* LaunchScreen.storyboard */; };
		FF688877236DA66600AB1298 /* Combine_FutureTests.swift in Sources */ = {isa = PBXBuildFile; fileRef = FF688876236DA66600AB1298 /* Combine_FutureTests.swift */; };
/* End PBXBuildFile section */

/* Begin PBXContainerItemProxy section */
		FF688873236DA66600AB1298 /* PBXContainerItemProxy */ = {
			isa = PBXContainerItemProxy;
			containerPortal = FF688854236DA66500AB1298 /* Project object */;
			proxyType = 1;
			remoteGlobalIDString = FF68885B236DA66500AB1298;
			remoteInfo = Combine.Future;
		};
/* End PBXContainerItemProxy section */

/* Begin PBXFileReference section */
		FF68885C236DA66500AB1298 /* Combine.Future.app */ = {isa = PBXFileReference; explicitFileType = wrapper.application; includeInIndex = 0; path = Combine.Future.app; sourceTree = BUILT_PRODUCTS_DIR; };
		FF68885F236DA66500AB1298 /* AppDelegate.swift */ = {isa = PBXFileReference; lastKnownFileType = sourcecode.swift; path = AppDelegate.swift; sourceTree = "<group>"; };
		FF688861236DA66500AB1298 /* SceneDelegate.swift */ = {isa = PBXFileReference; lastKnownFileType = sourcecode.swift; path = SceneDelegate.swift; sourceTree = "<group>"; };
		FF688863236DA66500AB1298 /* ViewController.swift */ = {isa = PBXFileReference; lastKnownFileType = sourcecode.swift; path = ViewController.swift; sourceTree = "<group>"; };
		FF688866236DA66500AB1298 /* Base */ = {isa = PBXFileReference; lastKnownFileType = file.storyboard; name = Base; path = Base.lproj/Main.storyboard; sourceTree = "<group>"; };
		FF688868236DA66600AB1298 /* Assets.xcassets */ = {isa = PBXFileReference; lastKnownFileType = folder.assetcatalog; path = Assets.xcassets; sourceTree = "<group>"; };
		FF68886B236DA66600AB1298 /* Base */ = {isa = PBXFileReference; lastKnownFileType = file.storyboard; name = Base; path = Base.lproj/LaunchScreen.storyboard; sourceTree = "<group>"; };
		FF68886D236DA66600AB1298 /* Info.plist */ = {isa = PBXFileReference; lastKnownFileType = text.plist.xml; path = Info.plist; sourceTree = "<group>"; };
		FF688872236DA66600AB1298 /* Combine.FutureTests.xctest */ = {isa = PBXFileReference; explicitFileType = wrapper.cfbundle; includeInIndex = 0; path = Combine.FutureTests.xctest; sourceTree = BUILT_PRODUCTS_DIR; };
		FF688876236DA66600AB1298 /* Combine_FutureTests.swift */ = {isa = PBXFileReference; lastKnownFileType = sourcecode.swift; path = Combine_FutureTests.swift; sourceTree = "<group>"; };
		FF688878236DA66600AB1298 /* Info.plist */ = {isa = PBXFileReference; lastKnownFileType = text.plist.xml; path = Info.plist; sourceTree = "<group>"; };
/* End PBXFileReference section */

/* Begin PBXFrameworksBuildPhase section */
		FF688859236DA66500AB1298 /* Frameworks */ = {
			isa = PBXFrameworksBuildPhase;
			buildActionMask = 2147483647;
			files = (
			);
			runOnlyForDeploymentPostprocessing = 0;
		};
		FF68886F236DA66600AB1298 /* Frameworks */ = {
			isa = PBXFrameworksBuildPhase;
			buildActionMask = 2147483647;
			files = (
			);
			runOnlyForDeploymentPostprocessing = 0;
		};
/* End PBXFrameworksBuildPhase section */

/* Begin PBXGroup section */
		FF688853236DA66500AB1298 = {
			isa = PBXGroup;
			children = (
				FF68885E236DA66500AB1298 /* Combine.Future */,
				FF688875236DA66600AB1298 /* Combine.FutureTests */,
				FF68885D236DA66500AB1298 /* Products */,
			);
			sourceTree = "<group>";
		};
		FF68885D236DA66500AB1298 /* Products */ = {
			isa = PBXGroup;
			children = (
				FF68885C236DA66500AB1298 /* Combine.Future.app */,
				FF688872236DA66600AB1298 /* Combine.FutureTests.xctest */,
			);
			name = Products;
			sourceTree = "<group>";
		};
		FF68885E236DA66500AB1298 /* Combine.Future */ = {
			isa = PBXGroup;
			children = (
				FF68885F236DA66500AB1298 /* AppDelegate.swift */,
				FF688861236DA66500AB1298 /* SceneDelegate.swift */,
				FF688863236DA66500AB1298 /* ViewController.swift */,
				FF688865236DA66500AB1298 /* Main.storyboard */,
				FF688868236DA66600AB1298 /* Assets.xcassets */,
				FF68886A236DA66600AB1298 /* LaunchScreen.storyboard */,
				FF68886D236DA66600AB1298 /* Info.plist */,
			);
			path = Combine.Future;
			sourceTree = "<group>";
		};
		FF688875236DA66600AB1298 /* Combine.FutureTests */ = {
			isa = PBXGroup;
			children = (
				FF688876236DA66600AB1298 /* Combine_FutureTests.swift */,
				FF688878236DA66600AB1298 /* Info.plist */,
			);
			path = Combine.FutureTests;
			sourceTree = "<group>";
		};
/* End PBXGroup section */

/* Begin PBXNativeTarget section */
		FF68885B236DA66500AB1298 /* Combine.Future */ = {
			isa = PBXNativeTarget;
			buildConfigurationList = FF68887B236DA66600AB1298 /* Build configuration list for PBXNativeTarget "Combine.Future" */;
			buildPhases = (
				FF688858236DA66500AB1298 /* Sources */,
				FF688859236DA66500AB1298 /* Frameworks */,
				FF68885A236DA66500AB1298 /* Resources */,
			);
			buildRules = (
			);
			dependencies = (
			);
			name = Combine.Future;
			productName = Combine.Future;
			productReference = FF68885C236DA66500AB1298 /* Combine.Future.app */;
			productType = "com.apple.product-type.application";
		};
		FF688871236DA66600AB1298 /* Combine.FutureTests */ = {
			isa = PBXNativeTarget;
			buildConfigurationList = FF68887E236DA66600AB1298 /* Build configuration list for PBXNativeTarget "Combine.FutureTests" */;
			buildPhases = (
				FF68886E236DA66600AB1298 /* Sources */,
				FF68886F236DA66600AB1298 /* Frameworks */,
				FF688870236DA66600AB1298 /* Resources */,
			);
			buildRules = (
			);
			dependencies = (
				FF688874236DA66600AB1298 /* PBXTargetDependency */,
			);
			name = Combine.FutureTests;
			productName = Combine.FutureTests;
			productReference = FF688872236DA66600AB1298 /* Combine.FutureTests.xctest */;
			productType = "com.apple.product-type.bundle.unit-test";
		};
/* End PBXNativeTarget section */

/* Begin PBXProject section */
		FF688854236DA66500AB1298 /* Project object */ = {
			isa = PBXProject;
			attributes = {
				LastSwiftUpdateCheck = 1110;
				LastUpgradeCheck = 1110;
				ORGANIZATIONNAME = "Swifty Talks";
				TargetAttributes = {
					FF68885B236DA66500AB1298 = {
						CreatedOnToolsVersion = 11.1;
					};
					FF688871236DA66600AB1298 = {
						CreatedOnToolsVersion = 11.1;
						TestTargetID = FF68885B236DA66500AB1298;
					};
				};
			};
			buildConfigurationList = FF688857236DA66500AB1298 /* Build configuration list for PBXProject "Combine.Future" */;
			compatibilityVersion = "Xcode 9.3";
			developmentRegion = en;
			hasScannedForEncodings = 0;
			knownRegions = (
				en,
				Base,
			);
			mainGroup = FF688853236DA66500AB1298;
			productRefGroup = FF68885D236DA66500AB1298 /* Products */;
			projectDirPath = "";
			projectRoot = "";
			targets = (
				FF68885B236DA66500AB1298 /* Combine.Future */,
				FF688871236DA66600AB1298 /* Combine.FutureTests */,
			);
		};
/* End PBXProject section */

/* Begin PBXResourcesBuildPhase section */
		FF68885A236DA66500AB1298 /* Resources */ = {
			isa = PBXResourcesBuildPhase;
			buildActionMask = 2147483647;
			files = (
				FF68886C236DA66600AB1298 /* LaunchScreen.storyboard in Resources */,
				FF688869236DA66600AB1298 /* Assets.xcassets in Resources */,
				FF688867236DA66500AB1298 /* Main.storyboard in Resources */,
			);
			runOnlyForDeploymentPostprocessing = 0;
		};
		FF688870236DA66600AB1298 /* Resources */ = {
			isa = PBXResourcesBuildPhase;
			buildActionMask = 2147483647;
			files = (
			);
			runOnlyForDeploymentPostprocessing = 0;
		};
/* End PBXResourcesBuildPhase section */

/* Begin PBXSourcesBuildPhase section */
		FF688858236DA66500AB1298 /* Sources */ = {
			isa = PBXSourcesBuildPhase;
			buildActionMask = 2147483647;
			files = (
				FF688864236DA66500AB1298 /* ViewController.swift in Sources */,
				FF688860236DA66500AB1298 /* AppDelegate.swift in Sources */,
				FF688862236DA66500AB1298 /* SceneDelegate.swift in Sources */,
			);
			runOnlyForDeploymentPostprocessing = 0;
		};
		FF68886E236DA66600AB1298 /* Sources */ = {
			isa = PBXSourcesBuildPhase;
			buildActionMask = 2147483647;
			files = (
				FF688877236DA66600AB1298 /* Combine_FutureTests.swift in Sources */,
			);
			runOnlyForDeploymentPostprocessing = 0;
		};
/* End PBXSourcesBuildPhase section */

/* Begin PBXTargetDependency section */
		FF688874236DA66600AB1298 /* PBXTargetDependency */ = {
			isa = PBXTargetDependency;
			target = FF68885B236DA66500AB1298 /* Combine.Future */;
			targetProxy = FF688873236DA66600AB1298 /* PBXContainerItemProxy */;
		};
/* End PBXTargetDependency section */

/* Begin PBXVariantGroup section */
		FF688865236DA66500AB1298 /* Main.storyboard */ = {
			isa = PBXVariantGroup;
			children = (
				FF688866236DA66500AB1298 /* Base */,
			);
			name = Main.storyboard;
			sourceTree = "<group>";
		};
		FF68886A236DA66600AB1298 /* LaunchScreen.storyboard */ = {
			isa = PBXVariantGroup;
			children = (
				FF68886B236DA66600AB1298 /* Base */,
			);
			name = LaunchScreen.storyboard;
			sourceTree = "<group>";
		};
/* End PBXVariantGroup section */

/* Begin XCBuildConfiguration section */
		FF688879236DA66600AB1298 /* Debug */ = {
			isa = XCBuildConfiguration;
			buildSettings = {
				ALWAYS_SEARCH_USER_PATHS = NO;
				CLANG_ANALYZER_NONNULL = YES;
				CLANG_ANALYZER_NUMBER_OBJECT_CONVERSION = YES_AGGRESSIVE;
				CLANG_CXX_LANGUAGE_STANDARD = "gnu++14";
				CLANG_CXX_LIBRARY = "libc++";
				CLANG_ENABLE_MODULES = YES;
				CLANG_ENABLE_OBJC_ARC = YES;
				CLANG_ENABLE_OBJC_WEAK = YES;
				CLANG_WARN_BLOCK_CAPTURE_AUTORELEASING = YES;
				CLANG_WARN_BOOL_CONVERSION = YES;
				CLANG_WARN_COMMA = YES;
				CLANG_WARN_CONSTANT_CONVERSION = YES;
				CLANG_WARN_DEPRECATED_OBJC_IMPLEMENTATIONS = YES;
				CLANG_WARN_DIRECT_OBJC_ISA_USAGE = YES_ERROR;
				CLANG_WARN_DOCUMENTATION_COMMENTS = YES;
				CLANG_WARN_EMPTY_BODY = YES;
				CLANG_WARN_ENUM_CONVERSION = YES;
				CLANG_WARN_INFINITE_RECURSION = YES;
				CLANG_WARN_INT_CONVERSION = YES;
				CLANG_WARN_NON_LITERAL_NULL_CONVERSION = YES;
				CLANG_WARN_OBJC_IMPLICIT_RETAIN_SELF = YES;
				CLANG_WARN_OBJC_LITERAL_CONVERSION = YES;
				CLANG_WARN_OBJC_ROOT_CLASS = YES_ERROR;
				CLANG_WARN_RANGE_LOOP_ANALYSIS = YES;
				CLANG_WARN_STRICT_PROTOTYPES = YES;
				CLANG_WARN_SUSPICIOUS_MOVE = YES;
				CLANG_WARN_UNGUARDED_AVAILABILITY = YES_AGGRESSIVE;
				CLANG_WARN_UNREACHABLE_CODE = YES;
				CLANG_WARN__DUPLICATE_METHOD_MATCH = YES;
				COPY_PHASE_STRIP = NO;
				DEBUG_INFORMATION_FORMAT = dwarf;
				ENABLE_STRICT_OBJC_MSGSEND = YES;
				ENABLE_TESTABILITY = YES;
				GCC_C_LANGUAGE_STANDARD = gnu11;
				GCC_DYNAMIC_NO_PIC = NO;
				GCC_NO_COMMON_BLOCKS = YES;
				GCC_OPTIMIZATION_LEVEL = 0;
				GCC_PREPROCESSOR_DEFINITIONS = (
					"DEBUG=1",
					"$(inherited)",
				);
				GCC_WARN_64_TO_32_BIT_CONVERSION = YES;
				GCC_WARN_ABOUT_RETURN_TYPE = YES_ERROR;
				GCC_WARN_UNDECLARED_SELECTOR = YES;
				GCC_WARN_UNINITIALIZED_AUTOS = YES_AGGRESSIVE;
				GCC_WARN_UNUSED_FUNCTION = YES;
				GCC_WARN_UNUSED_VARIABLE = YES;
				IPHONEOS_DEPLOYMENT_TARGET = 13.1;
				MTL_ENABLE_DEBUG_INFO = INCLUDE_SOURCE;
				MTL_FAST_MATH = YES;
				ONLY_ACTIVE_ARCH = YES;
				SDKROOT = iphoneos;
				SWIFT_ACTIVE_COMPILATION_CONDITIONS = DEBUG;
				SWIFT_OPTIMIZATION_LEVEL = "-Onone";
			};
			name = Debug;
		};
		FF68887A236DA66600AB1298 /* Release */ = {
			isa = XCBuildConfiguration;
			buildSettings = {
				ALWAYS_SEARCH_USER_PATHS = NO;
				CLANG_ANALYZER_NONNULL = YES;
				CLANG_ANALYZER_NUMBER_OBJECT_CONVERSION = YES_AGGRESSIVE;
				CLANG_CXX_LANGUAGE_STANDARD = "gnu++14";
				CLANG_CXX_LIBRARY = "libc++";
				CLANG_ENABLE_MODULES = YES;
				CLANG_ENABLE_OBJC_ARC = YES;
				CLANG_ENABLE_OBJC_WEAK = YES;
				CLANG_WARN_BLOCK_CAPTURE_AUTORELEASING = YES;
				CLANG_WARN_BOOL_CONVERSION = YES;
				CLANG_WARN_COMMA = YES;
				CLANG_WARN_CONSTANT_CONVERSION = YES;
				CLANG_WARN_DEPRECATED_OBJC_IMPLEMENTATIONS = YES;
				CLANG_WARN_DIRECT_OBJC_ISA_USAGE = YES_ERROR;
				CLANG_WARN_DOCUMENTATION_COMMENTS = YES;
				CLANG_WARN_EMPTY_BODY = YES;
				CLANG_WARN_ENUM_CONVERSION = YES;
				CLANG_WARN_INFINITE_RECURSION = YES;
				CLANG_WARN_INT_CONVERSION = YES;
				CLANG_WARN_NON_LITERAL_NULL_CONVERSION = YES;
				CLANG_WARN_OBJC_IMPLICIT_RETAIN_SELF = YES;
				CLANG_WARN_OBJC_LITERAL_CONVERSION = YES;
				CLANG_WARN_OBJC_ROOT_CLASS = YES_ERROR;
				CLANG_WARN_RANGE_LOOP_ANALYSIS = YES;
				CLANG_WARN_STRICT_PROTOTYPES = YES;
				CLANG_WARN_SUSPICIOUS_MOVE = YES;
				CLANG_WARN_UNGUARDED_AVAILABILITY = YES_AGGRESSIVE;
				CLANG_WARN_UNREACHABLE_CODE = YES;
				CLANG_WARN__DUPLICATE_METHOD_MATCH = YES;
				COPY_PHASE_STRIP = NO;
				DEBUG_INFORMATION_FORMAT = "dwarf-with-dsym";
				ENABLE_NS_ASSERTIONS = NO;
				ENABLE_STRICT_OBJC_MSGSEND = YES;
				GCC_C_LANGUAGE_STANDARD = gnu11;
				GCC_NO_COMMON_BLOCKS = YES;
				GCC_WARN_64_TO_32_BIT_CONVERSION = YES;
				GCC_WARN_ABOUT_RETURN_TYPE = YES_ERROR;
				GCC_WARN_UNDECLARED_SELECTOR = YES;
				GCC_WARN_UNINITIALIZED_AUTOS = YES_AGGRESSIVE;
				GCC_WARN_UNUSED_FUNCTION = YES;
				GCC_WARN_UNUSED_VARIABLE = YES;
				IPHONEOS_DEPLOYMENT_TARGET = 13.1;
				MTL_ENABLE_DEBUG_INFO = NO;
				MTL_FAST_MATH = YES;
				SDKROOT = iphoneos;
				SWIFT_COMPILATION_MODE = wholemodule;
				SWIFT_OPTIMIZATION_LEVEL = "-O";
				VALIDATE_PRODUCT = YES;
			};
			name = Release;
		};
		FF68887C236DA66600AB1298 /* Debug */ = {
			isa = XCBuildConfiguration;
			buildSettings = {
				ASSETCATALOG_COMPILER_APPICON_NAME = AppIcon;
				CODE_SIGN_STYLE = Automatic;
				DEVELOPMENT_TEAM = 54HW5825ZV;
				INFOPLIST_FILE = Combine.Future/Info.plist;
				LD_RUNPATH_SEARCH_PATHS = (
					"$(inherited)",
					"@executable_path/Frameworks",
				);
				PRODUCT_BUNDLE_IDENTIFIER = "com.swiftytalks.Combine-Future";
				PRODUCT_NAME = "$(TARGET_NAME)";
				SWIFT_VERSION = 5.0;
				TARGETED_DEVICE_FAMILY = "1,2";
			};
			name = Debug;
		};
		FF68887D236DA66600AB1298 /* Release */ = {
			isa = XCBuildConfiguration;
			buildSettings = {
				ASSETCATALOG_COMPILER_APPICON_NAME = AppIcon;
				CODE_SIGN_STYLE = Automatic;
				DEVELOPMENT_TEAM = 54HW5825ZV;
				INFOPLIST_FILE = Combine.Future/Info.plist;
				LD_RUNPATH_SEARCH_PATHS = (
					"$(inherited)",
					"@executable_path/Frameworks",
				);
				PRODUCT_BUNDLE_IDENTIFIER = "com.swiftytalks.Combine-Future";
				PRODUCT_NAME = "$(TARGET_NAME)";
				SWIFT_VERSION = 5.0;
				TARGETED_DEVICE_FAMILY = "1,2";
			};
			name = Release;
		};
		FF68887F236DA66600AB1298 /* Debug */ = {
			isa = XCBuildConfiguration;
			buildSettings = {
				ALWAYS_EMBED_SWIFT_STANDARD_LIBRARIES = YES;
				BUNDLE_LOADER = "$(TEST_HOST)";
				CODE_SIGN_STYLE = Automatic;
				DEVELOPMENT_TEAM = 54HW5825ZV;
				INFOPLIST_FILE = Combine.FutureTests/Info.plist;
				IPHONEOS_DEPLOYMENT_TARGET = 13.1;
				LD_RUNPATH_SEARCH_PATHS = (
					"$(inherited)",
					"@executable_path/Frameworks",
					"@loader_path/Frameworks",
				);
				PRODUCT_BUNDLE_IDENTIFIER = "com.swiftytalks.Combine-FutureTests";
				PRODUCT_NAME = "$(TARGET_NAME)";
				SWIFT_VERSION = 5.0;
				TARGETED_DEVICE_FAMILY = "1,2";
				TEST_HOST = "$(BUILT_PRODUCTS_DIR)/Combine.Future.app/Combine.Future";
			};
			name = Debug;
		};
		FF688880236DA66600AB1298 /* Release */ = {
			isa = XCBuildConfiguration;
			buildSettings = {
				ALWAYS_EMBED_SWIFT_STANDARD_LIBRARIES = YES;
				BUNDLE_LOADER = "$(TEST_HOST)";
				CODE_SIGN_STYLE = Automatic;
				DEVELOPMENT_TEAM = 54HW5825ZV;
				INFOPLIST_FILE = Combine.FutureTests/Info.plist;
				IPHONEOS_DEPLOYMENT_TARGET = 13.1;
				LD_RUNPATH_SEARCH_PATHS = (
					"$(inherited)",
					"@executable_path/Frameworks",
					"@loader_path/Frameworks",
				);
				PRODUCT_BUNDLE_IDENTIFIER = "com.swiftytalks.Combine-FutureTests";
				PRODUCT_NAME = "$(TARGET_NAME)";
				SWIFT_VERSION = 5.0;
				TARGETED_DEVICE_FAMILY = "1,2";
				TEST_HOST = "$(BUILT_PRODUCTS_DIR)/Combine.Future.app/Combine.Future";
			};
			name = Release;
		};
/* End XCBuildConfiguration section */

/* Begin XCConfigurationList section */
		FF688857236DA66500AB1298 /* Build configuration list for PBXProject "Combine.Future" */ = {
			isa = XCConfigurationList;
			buildConfigurations = (
				FF688879236DA66600AB1298 /* Debug */,
				FF68887A236DA66600AB1298 /* Release */,
			);
			defaultConfigurationIsVisible = 0;
			defaultConfigurationName = Release;
		};
		FF68887B236DA66600AB1298 /* Build configuration list for PBXNativeTarget "Combine.Future" */ = {
			isa = XCConfigurationList;
			buildConfigurations = (
				FF68887C236DA66600AB1298 /* Debug */,
				FF68887D236DA66600AB1298 /* Release */,
			);
			defaultConfigurationIsVisible = 0;
			defaultConfigurationName = Release;
		};
		FF68887E236DA66600AB1298 /* Build configuration list for PBXNativeTarget "Combine.FutureTests" */ = {
			isa = XCConfigurationList;
			buildConfigurations = (
				FF68887F236DA66600AB1298 /* Debug */,
				FF688880236DA66600AB1298 /* Release */,
			);
			defaultConfigurationIsVisible = 0;
			defaultConfigurationName = Release;
		};
/* End XCConfigurationList section */
	};
	rootObject = FF688854236DA66500AB1298 /* Project object */;
}
